
Microsoft Visual Studio Solution File, Format Version 12.00
# Visual Studio Version 16
VisualStudioVersion = 16.0.34601.136
MinimumVisualStudioVersion = 10.0.40219.1
Project("{FAE04EC0-301F-11D3-BF4B-00C04F79EFBC}") = "Task1", "Task4\Task1.csproj", "{14B4E805-A44F-4348-83C9-BBE6877FE4A3}"
EndProject
Global
	GlobalSection(SolutionConfigurationPlatforms) = preSolution
		Debug|Any CPU = Debug|Any CPU
		Release|Any CPU = Release|Any CPU
	EndGlobalSection
	GlobalSection(ProjectConfigurationPlatforms) = postSolution
		{14B4E805-A44F-4348-83C9-BBE6877FE4A3}.Debug|Any CPU.ActiveCfg = Debug|Any CPU
		{14B4E805-A44F-4348-83C9-BBE6877FE4A3}.Debug|Any CPU.Build.0 = Debug|Any CPU
		{14B4E805-A44F-4348-83C9-BBE6877FE4A3}.Release|Any CPU.ActiveCfg = Release|Any CPU
		{14B4E805-A44F-4348-83C9-BBE6877FE4A3}.Release|Any CPU.Build.0 = Release|Any CPU
	EndGlobalSection
	GlobalSection(SolutionProperties) = preSolution
		HideSolutionNode = FALSE
	EndGlobalSection
	GlobalSection(ExtensibilityGlobals) = postSolution
		SolutionGuid = {1B1BE63F-92EF-4264-91F5-22BE795158D8}
	EndGlobalSection
EndGlobal
