
Microsoft Visual Studio Solution File, Format Version 12.00
# Visual Studio Version 16
VisualStudioVersion = 16.0.34601.136
MinimumVisualStudioVersion = 10.0.40219.1
Project("{FAE04EC0-301F-11D3-BF4B-00C04F79EFBC}") = "Task1", "Task1\Task1.csproj", "{89D8EF0B-5B42-4FF5-BA9F-6DDB25EC73EF}"
EndProject
Global
	GlobalSection(SolutionConfigurationPlatforms) = preSolution
		Debug|Any CPU = Debug|Any CPU
		Release|Any CPU = Release|Any CPU
	EndGlobalSection
	GlobalSection(ProjectConfigurationPlatforms) = postSolution
		{89D8EF0B-5B42-4FF5-BA9F-6DDB25EC73EF}.Debug|Any CPU.ActiveCfg = Debug|Any CPU
		{89D8EF0B-5B42-4FF5-BA9F-6DDB25EC73EF}.Debug|Any CPU.Build.0 = Debug|Any CPU
		{89D8EF0B-5B42-4FF5-BA9F-6DDB25EC73EF}.Release|Any CPU.ActiveCfg = Release|Any CPU
		{89D8EF0B-5B42-4FF5-BA9F-6DDB25EC73EF}.Release|Any CPU.Build.0 = Release|Any CPU
	EndGlobalSection
	GlobalSection(SolutionProperties) = preSolution
		HideSolutionNode = FALSE
	EndGlobalSection
	GlobalSection(ExtensibilityGlobals) = postSolution
		SolutionGuid = {054931D6-FF36-42F3-830F-A5B403F6926D}
	EndGlobalSection
EndGlobal
