
Microsoft Visual Studio Solution File, Format Version 12.00
# Visual Studio Version 16
VisualStudioVersion = 16.0.34601.136
MinimumVisualStudioVersion = 10.0.40219.1
Project("{FAE04EC0-301F-11D3-BF4B-00C04F79EFBC}") = "Task1", "Task1\Task1.csproj", "{4D8195CB-01F5-4190-ABC7-F185633ECD59}"
EndProject
Global
	GlobalSection(SolutionConfigurationPlatforms) = preSolution
		Debug|Any CPU = Debug|Any CPU
		Release|Any CPU = Release|Any CPU
	EndGlobalSection
	GlobalSection(ProjectConfigurationPlatforms) = postSolution
		{4D8195CB-01F5-4190-ABC7-F185633ECD59}.Debug|Any CPU.ActiveCfg = Debug|Any CPU
		{4D8195CB-01F5-4190-ABC7-F185633ECD59}.Debug|Any CPU.Build.0 = Debug|Any CPU
		{4D8195CB-01F5-4190-ABC7-F185633ECD59}.Release|Any CPU.ActiveCfg = Release|Any CPU
		{4D8195CB-01F5-4190-ABC7-F185633ECD59}.Release|Any CPU.Build.0 = Release|Any CPU
	EndGlobalSection
	GlobalSection(SolutionProperties) = preSolution
		HideSolutionNode = FALSE
	EndGlobalSection
	GlobalSection(ExtensibilityGlobals) = postSolution
		SolutionGuid = {8E41B54F-A63C-430E-BAAA-4F8C9EE1DD94}
	EndGlobalSection
EndGlobal
