
Microsoft Visual Studio Solution File, Format Version 12.00
# Visual Studio Version 16
VisualStudioVersion = 16.0.34601.136
MinimumVisualStudioVersion = 10.0.40219.1
Project("{FAE04EC0-301F-11D3-BF4B-00C04F79EFBC}") = "Task1", "Task1\Task1.csproj", "{6304BC0D-A599-4D58-897D-97425099DA8F}"
EndProject
Project("{FAE04EC0-301F-11D3-BF4B-00C04F79EFBC}") = "Task5", "Task5\Task5.csproj", "{05DD5BBE-06A4-4D17-BF5D-0C15124EB620}"
EndProject
Global
	GlobalSection(SolutionConfigurationPlatforms) = preSolution
		Debug|Any CPU = Debug|Any CPU
		Release|Any CPU = Release|Any CPU
	EndGlobalSection
	GlobalSection(ProjectConfigurationPlatforms) = postSolution
		{6304BC0D-A599-4D58-897D-97425099DA8F}.Debug|Any CPU.ActiveCfg = Debug|Any CPU
		{6304BC0D-A599-4D58-897D-97425099DA8F}.Debug|Any CPU.Build.0 = Debug|Any CPU
		{6304BC0D-A599-4D58-897D-97425099DA8F}.Release|Any CPU.ActiveCfg = Release|Any CPU
		{6304BC0D-A599-4D58-897D-97425099DA8F}.Release|Any CPU.Build.0 = Release|Any CPU
		{05DD5BBE-06A4-4D17-BF5D-0C15124EB620}.Debug|Any CPU.ActiveCfg = Debug|Any CPU
		{05DD5BBE-06A4-4D17-BF5D-0C15124EB620}.Debug|Any CPU.Build.0 = Debug|Any CPU
		{05DD5BBE-06A4-4D17-BF5D-0C15124EB620}.Release|Any CPU.ActiveCfg = Release|Any CPU
		{05DD5BBE-06A4-4D17-BF5D-0C15124EB620}.Release|Any CPU.Build.0 = Release|Any CPU
	EndGlobalSection
	GlobalSection(SolutionProperties) = preSolution
		HideSolutionNode = FALSE
	EndGlobalSection
	GlobalSection(ExtensibilityGlobals) = postSolution
		SolutionGuid = {0BE63891-A17E-463A-B8AB-F56233EDED1B}
	EndGlobalSection
EndGlobal
